
Microsoft Visual Studio Solution File, Format Version 12.00
# Visual Studio Version 17
VisualStudioVersion = 17.3.32929.385
MinimumVisualStudioVersion = 10.0.40219.1
Project("{9A19103F-16F7-4668-BE54-9A1E7A4F7556}") = "JobsWebService.API", "JobsWebService.API\JobsWebService.API.csproj", "{0DC1464A-4B07-4D0E-847B-13036FFAEDD9}"
EndProject
Project("{9A19103F-16F7-4668-BE54-9A1E7A4F7556}") = "JobsWebService.API.Core", "JobsWebService.Core\JobsWebService.API.Core.csproj", "{1B6C09ED-3BAD-487E-BB88-F0ED66894BB5}"
EndProject
Global
	GlobalSection(SolutionConfigurationPlatforms) = preSolution
		Debug|Any CPU = Debug|Any CPU
		Release|Any CPU = Release|Any CPU
	EndGlobalSection
	GlobalSection(ProjectConfigurationPlatforms) = postSolution
		{0DC1464A-4B07-4D0E-847B-13036FFAEDD9}.Debug|Any CPU.ActiveCfg = Debug|Any CPU
		{0DC1464A-4B07-4D0E-847B-13036FFAEDD9}.Debug|Any CPU.Build.0 = Debug|Any CPU
		{0DC1464A-4B07-4D0E-847B-13036FFAEDD9}.Release|Any CPU.ActiveCfg = Release|Any CPU
		{0DC1464A-4B07-4D0E-847B-13036FFAEDD9}.Release|Any CPU.Build.0 = Release|Any CPU
		{1B6C09ED-3BAD-487E-BB88-F0ED66894BB5}.Debug|Any CPU.ActiveCfg = Debug|Any CPU
		{1B6C09ED-3BAD-487E-BB88-F0ED66894BB5}.Debug|Any CPU.Build.0 = Debug|Any CPU
		{1B6C09ED-3BAD-487E-BB88-F0ED66894BB5}.Release|Any CPU.ActiveCfg = Release|Any CPU
		{1B6C09ED-3BAD-487E-BB88-F0ED66894BB5}.Release|Any CPU.Build.0 = Release|Any CPU
	EndGlobalSection
	GlobalSection(SolutionProperties) = preSolution
		HideSolutionNode = FALSE
	EndGlobalSection
	GlobalSection(ExtensibilityGlobals) = postSolution
		SolutionGuid = {492AD203-F215-4516-9C73-54A559CE1117}
	EndGlobalSection
EndGlobal
